Microsoft Visual Studio Solution File, Format Version 12.00
# Visual Studio 14
VisualStudioVersion = 14.0.25420.1
MinimumVisualStudioVersion = 10.0.40219.1
Project("{FAE04EC0-301F-11D3-BF4B-00C04F79EFBC}") = "strobe", "strobe\strobe.csproj", "{E3DDF33B-DF11-4DD6-B11F-E920E5841B23}"
EndProject
Project("{FAE04EC0-301F-11D3-BF4B-00C04F79EFBC}") = "strcom", "strcom\strcom.csproj", "{2DA50113-1398-4C64-9227-CF89B3E7ECB5}"
EndProject
Project("{2150E333-8FDC-42A3-9474-1A3956D46DE8}") = "Executable", "Executable", "{4A346251-DA86-48F5-9587-E1A29317FEA9}"
EndProject
Project("{2150E333-8FDC-42A3-9474-1A3956D46DE8}") = "Runtime", "Runtime", "{8719D80F-51E8-491A-81C5-0B408738F25C}"
EndProject
Project("{FAE04EC0-301F-11D3-BF4B-00C04F79EFBC}") = "strlib", "strvmr\strlib\strlib.csproj", "{0265F221-395F-4B78-821C-26E20B7BD86E}"
EndProject
Project("{FAE04EC0-301F-11D3-BF4B-00C04F79EFBC}") = "strdif", "strvmr\strdif\strdif.csproj", "{80AA0BF3-DB48-4596-899A-1FBF705004C7}"
EndProject
Project("{FAE04EC0-301F-11D3-BF4B-00C04F79EFBC}") = "strvmc", "strvmr\strvmc\strvmc.csproj", "{5830E9E9-F5F8-45A1-92E3-38081654D8E2}"
EndProject
Project("{FAE04EC0-301F-11D3-BF4B-00C04F79EFBC}") = "strdbg", "strdbg\strdbg.csproj", "{B1B1AC38-C5A3-4948-ADE4-C51E40BBD60A}"
EndProject
Project("{8BC9CEB8-8B4A-11D0-8D11-00A0C91BC942}") = "strcpp", "strcpp\strcpp.vcxproj", "{A290C3E4-D321-43E6-9362-E77D9CFD223C}"
EndProject
Global
	GlobalSection(SolutionConfigurationPlatforms) = preSolution
		Debug|Any CPU = Debug|Any CPU
		Debug|x64 = Debug|x64
		Debug|x86 = Debug|x86
		Release|Any CPU = Release|Any CPU
		Release|x64 = Release|x64
		Release|x86 = Release|x86
	EndGlobalSection
	GlobalSection(ProjectConfigurationPlatforms) = postSolution
		{E3DDF33B-DF11-4DD6-B11F-E920E5841B23}.Debug|Any CPU.ActiveCfg = Debug|Any CPU
		{E3DDF33B-DF11-4DD6-B11F-E920E5841B23}.Debug|Any CPU.Build.0 = Debug|Any CPU
		{E3DDF33B-DF11-4DD6-B11F-E920E5841B23}.Debug|x64.ActiveCfg = Debug|Any CPU
		{E3DDF33B-DF11-4DD6-B11F-E920E5841B23}.Debug|x64.Build.0 = Debug|Any CPU
		{E3DDF33B-DF11-4DD6-B11F-E920E5841B23}.Debug|x86.ActiveCfg = Debug|Any CPU
		{E3DDF33B-DF11-4DD6-B11F-E920E5841B23}.Debug|x86.Build.0 = Debug|Any CPU
		{E3DDF33B-DF11-4DD6-B11F-E920E5841B23}.Release|Any CPU.ActiveCfg = Release|Any CPU
		{E3DDF33B-DF11-4DD6-B11F-E920E5841B23}.Release|Any CPU.Build.0 = Release|Any CPU
		{E3DDF33B-DF11-4DD6-B11F-E920E5841B23}.Release|x64.ActiveCfg = Release|Any CPU
		{E3DDF33B-DF11-4DD6-B11F-E920E5841B23}.Release|x64.Build.0 = Release|Any CPU
		{E3DDF33B-DF11-4DD6-B11F-E920E5841B23}.Release|x86.ActiveCfg = Release|Any CPU
		{E3DDF33B-DF11-4DD6-B11F-E920E5841B23}.Release|x86.Build.0 = Release|Any CPU
		{2DA50113-1398-4C64-9227-CF89B3E7ECB5}.Debug|Any CPU.ActiveCfg = Debug|Any CPU
		{2DA50113-1398-4C64-9227-CF89B3E7ECB5}.Debug|Any CPU.Build.0 = Debug|Any CPU
		{2DA50113-1398-4C64-9227-CF89B3E7ECB5}.Debug|x64.ActiveCfg = Debug|Any CPU
		{2DA50113-1398-4C64-9227-CF89B3E7ECB5}.Debug|x64.Build.0 = Debug|Any CPU
		{2DA50113-1398-4C64-9227-CF89B3E7ECB5}.Debug|x86.ActiveCfg = Debug|Any CPU
		{2DA50113-1398-4C64-9227-CF89B3E7ECB5}.Debug|x86.Build.0 = Debug|Any CPU
		{2DA50113-1398-4C64-9227-CF89B3E7ECB5}.Release|Any CPU.ActiveCfg = Release|Any CPU
		{2DA50113-1398-4C64-9227-CF89B3E7ECB5}.Release|Any CPU.Build.0 = Release|Any CPU
		{2DA50113-1398-4C64-9227-CF89B3E7ECB5}.Release|x64.ActiveCfg = Release|Any CPU
		{2DA50113-1398-4C64-9227-CF89B3E7ECB5}.Release|x64.Build.0 = Release|Any CPU
		{2DA50113-1398-4C64-9227-CF89B3E7ECB5}.Release|x86.ActiveCfg = Release|Any CPU
		{2DA50113-1398-4C64-9227-CF89B3E7ECB5}.Release|x86.Build.0 = Release|Any CPU
		{0265F221-395F-4B78-821C-26E20B7BD86E}.Debug|Any CPU.ActiveCfg = Debug|Any CPU
		{0265F221-395F-4B78-821C-26E20B7BD86E}.Debug|Any CPU.Build.0 = Debug|Any CPU
		{0265F221-395F-4B78-821C-26E20B7BD86E}.Debug|x64.ActiveCfg = Debug|Any CPU
		{0265F221-395F-4B78-821C-26E20B7BD86E}.Debug|x64.Build.0 = Debug|Any CPU
		{0265F221-395F-4B78-821C-26E20B7BD86E}.Debug|x86.ActiveCfg = Debug|Any CPU
		{0265F221-395F-4B78-821C-26E20B7BD86E}.Debug|x86.Build.0 = Debug|Any CPU
		{0265F221-395F-4B78-821C-26E20B7BD86E}.Release|Any CPU.ActiveCfg = Release|Any CPU
		{0265F221-395F-4B78-821C-26E20B7BD86E}.Release|Any CPU.Build.0 = Release|Any CPU
		{0265F221-395F-4B78-821C-26E20B7BD86E}.Release|x64.ActiveCfg = Release|Any CPU
		{0265F221-395F-4B78-821C-26E20B7BD86E}.Release|x64.Build.0 = Release|Any CPU
		{0265F221-395F-4B78-821C-26E20B7BD86E}.Release|x86.ActiveCfg = Release|Any CPU
		{0265F221-395F-4B78-821C-26E20B7BD86E}.Release|x86.Build.0 = Release|Any CPU
		{80AA0BF3-DB48-4596-899A-1FBF705004C7}.Debug|Any CPU.ActiveCfg = Debug|Any CPU
		{80AA0BF3-DB48-4596-899A-1FBF705004C7}.Debug|Any CPU.Build.0 = Debug|Any CPU
		{80AA0BF3-DB48-4596-899A-1FBF705004C7}.Debug|x64.ActiveCfg = Debug|Any CPU
		{80AA0BF3-DB48-4596-899A-1FBF705004C7}.Debug|x64.Build.0 = Debug|Any CPU
		{80AA0BF3-DB48-4596-899A-1FBF705004C7}.Debug|x86.ActiveCfg = Debug|Any CPU
		{80AA0BF3-DB48-4596-899A-1FBF705004C7}.Debug|x86.Build.0 = Debug|Any CPU
		{80AA0BF3-DB48-4596-899A-1FBF705004C7}.Release|Any CPU.ActiveCfg = Release|Any CPU
		{80AA0BF3-DB48-4596-899A-1FBF705004C7}.Release|Any CPU.Build.0 = Release|Any CPU
		{80AA0BF3-DB48-4596-899A-1FBF705004C7}.Release|x64.ActiveCfg = Release|Any CPU
		{80AA0BF3-DB48-4596-899A-1FBF705004C7}.Release|x64.Build.0 = Release|Any CPU
		{80AA0BF3-DB48-4596-899A-1FBF705004C7}.Release|x86.ActiveCfg = Release|Any CPU
		{80AA0BF3-DB48-4596-899A-1FBF705004C7}.Release|x86.Build.0 = Release|Any CPU
		{5830E9E9-F5F8-45A1-92E3-38081654D8E2}.Debug|Any CPU.ActiveCfg = Debug|Any CPU
		{5830E9E9-F5F8-45A1-92E3-38081654D8E2}.Debug|Any CPU.Build.0 = Debug|Any CPU
		{5830E9E9-F5F8-45A1-92E3-38081654D8E2}.Debug|x64.ActiveCfg = Debug|Any CPU
		{5830E9E9-F5F8-45A1-92E3-38081654D8E2}.Debug|x64.Build.0 = Debug|Any CPU
		{5830E9E9-F5F8-45A1-92E3-38081654D8E2}.Debug|x86.ActiveCfg = Debug|Any CPU
		{5830E9E9-F5F8-45A1-92E3-38081654D8E2}.Debug|x86.Build.0 = Debug|Any CPU
		{5830E9E9-F5F8-45A1-92E3-38081654D8E2}.Release|Any CPU.ActiveCfg = Release|Any CPU
		{5830E9E9-F5F8-45A1-92E3-38081654D8E2}.Release|Any CPU.Build.0 = Release|Any CPU
		{5830E9E9-F5F8-45A1-92E3-38081654D8E2}.Release|x64.ActiveCfg = Release|Any CPU
		{5830E9E9-F5F8-45A1-92E3-38081654D8E2}.Release|x64.Build.0 = Release|Any CPU
		{5830E9E9-F5F8-45A1-92E3-38081654D8E2}.Release|x86.ActiveCfg = Release|Any CPU
		{5830E9E9-F5F8-45A1-92E3-38081654D8E2}.Release|x86.Build.0 = Release|Any CPU
		{B1B1AC38-C5A3-4948-ADE4-C51E40BBD60A}.Debug|Any CPU.ActiveCfg = Debug|Any CPU
		{B1B1AC38-C5A3-4948-ADE4-C51E40BBD60A}.Debug|Any CPU.Build.0 = Debug|Any CPU
		{B1B1AC38-C5A3-4948-ADE4-C51E40BBD60A}.Debug|x64.ActiveCfg = Debug|Any CPU
		{B1B1AC38-C5A3-4948-ADE4-C51E40BBD60A}.Debug|x64.Build.0 = Debug|Any CPU
		{B1B1AC38-C5A3-4948-ADE4-C51E40BBD60A}.Debug|x86.ActiveCfg = Debug|Any CPU
		{B1B1AC38-C5A3-4948-ADE4-C51E40BBD60A}.Debug|x86.Build.0 = Debug|Any CPU
		{B1B1AC38-C5A3-4948-ADE4-C51E40BBD60A}.Release|Any CPU.ActiveCfg = Release|Any CPU
		{B1B1AC38-C5A3-4948-ADE4-C51E40BBD60A}.Release|Any CPU.Build.0 = Release|Any CPU
		{B1B1AC38-C5A3-4948-ADE4-C51E40BBD60A}.Release|x64.ActiveCfg = Release|Any CPU
		{B1B1AC38-C5A3-4948-ADE4-C51E40BBD60A}.Release|x64.Build.0 = Release|Any CPU
		{B1B1AC38-C5A3-4948-ADE4-C51E40BBD60A}.Release|x86.ActiveCfg = Release|Any CPU
		{B1B1AC38-C5A3-4948-ADE4-C51E40BBD60A}.Release|x86.Build.0 = Release|Any CPU
		{A290C3E4-D321-43E6-9362-E77D9CFD223C}.Debug|Any CPU.ActiveCfg = Debug|Win32
		{A290C3E4-D321-43E6-9362-E77D9CFD223C}.Debug|x64.ActiveCfg = Debug|x64
		{A290C3E4-D321-43E6-9362-E77D9CFD223C}.Debug|x64.Build.0 = Debug|x64
		{A290C3E4-D321-43E6-9362-E77D9CFD223C}.Debug|x86.ActiveCfg = Debug|Win32
		{A290C3E4-D321-43E6-9362-E77D9CFD223C}.Debug|x86.Build.0 = Debug|Win32
		{A290C3E4-D321-43E6-9362-E77D9CFD223C}.Release|Any CPU.ActiveCfg = Release|Win32
		{A290C3E4-D321-43E6-9362-E77D9CFD223C}.Release|x64.ActiveCfg = Release|x64
		{A290C3E4-D321-43E6-9362-E77D9CFD223C}.Release|x64.Build.0 = Release|x64
		{A290C3E4-D321-43E6-9362-E77D9CFD223C}.Release|x86.ActiveCfg = Release|Win32
		{A290C3E4-D321-43E6-9362-E77D9CFD223C}.Release|x86.Build.0 = Release|Win32
	EndGlobalSection
	GlobalSection(SolutionProperties) = preSolution
		HideSolutionNode = FALSE
	EndGlobalSection
	GlobalSection(NestedProjects) = preSolution
		{E3DDF33B-DF11-4DD6-B11F-E920E5841B23} = {8719D80F-51E8-491A-81C5-0B408738F25C}
		{2DA50113-1398-4C64-9227-CF89B3E7ECB5} = {4A346251-DA86-48F5-9587-E1A29317FEA9}
		{0265F221-395F-4B78-821C-26E20B7BD86E} = {8719D80F-51E8-491A-81C5-0B408738F25C}
		{80AA0BF3-DB48-4596-899A-1FBF705004C7} = {8719D80F-51E8-491A-81C5-0B408738F25C}
		{5830E9E9-F5F8-45A1-92E3-38081654D8E2} = {4A346251-DA86-48F5-9587-E1A29317FEA9}
		{B1B1AC38-C5A3-4948-ADE4-C51E40BBD60A} = {4A346251-DA86-48F5-9587-E1A29317FEA9}
		{A290C3E4-D321-43E6-9362-E77D9CFD223C} = {8719D80F-51E8-491A-81C5-0B408738F25C}
	EndGlobalSection
EndGlobal
