
Microsoft Visual Studio Solution File, Format Version 12.00
# Visual Studio 2012
Project("{FAE04EC0-301F-11D3-BF4B-00C04F79EFBC}") = "Strobe", "Strobe\Strobe.csproj", "{E3DDF33B-DF11-4DD6-B11F-E920E5841B23}"
EndProject
Project("{FAE04EC0-301F-11D3-BF4B-00C04F79EFBC}") = "strcom", "StrobeC\strcom.csproj", "{2DA50113-1398-4C64-9227-CF89B3E7ECB5}"
EndProject
Project("{2150E333-8FDC-42A3-9474-1A3956D46DE8}") = "Console", "Console", "{4A346251-DA86-48F5-9587-E1A29317FEA9}"
EndProject
Project("{2150E333-8FDC-42A3-9474-1A3956D46DE8}") = "Runtime", "Runtime", "{8719D80F-51E8-491A-81C5-0B408738F25C}"
EndProject
Project("{FAE04EC0-301F-11D3-BF4B-00C04F79EFBC}") = "strlib", "StrobeVM\strlib\strlib.csproj", "{0265F221-395F-4B78-821C-26E20B7BD86E}"
EndProject
Project("{FAE04EC0-301F-11D3-BF4B-00C04F79EFBC}") = "strdif", "StrobeVM\strdif\strdif.csproj", "{80AA0BF3-DB48-4596-899A-1FBF705004C7}"
EndProject
Project("{FAE04EC0-301F-11D3-BF4B-00C04F79EFBC}") = "strvmc", "StrobeVM\strvmc\strvmc.csproj", "{5830E9E9-F5F8-45A1-92E3-38081654D8E2}"
EndProject
Global
	GlobalSection(SolutionConfigurationPlatforms) = preSolution
		Debug|Any CPU = Debug|Any CPU
		Release|Any CPU = Release|Any CPU
	EndGlobalSection
	GlobalSection(ProjectConfigurationPlatforms) = postSolution
		{E3DDF33B-DF11-4DD6-B11F-E920E5841B23}.Debug|Any CPU.ActiveCfg = Debug|Any CPU
		{E3DDF33B-DF11-4DD6-B11F-E920E5841B23}.Debug|Any CPU.Build.0 = Debug|Any CPU
		{E3DDF33B-DF11-4DD6-B11F-E920E5841B23}.Release|Any CPU.ActiveCfg = Release|Any CPU
		{E3DDF33B-DF11-4DD6-B11F-E920E5841B23}.Release|Any CPU.Build.0 = Release|Any CPU
		{2DA50113-1398-4C64-9227-CF89B3E7ECB5}.Debug|Any CPU.ActiveCfg = Debug|Any CPU
		{2DA50113-1398-4C64-9227-CF89B3E7ECB5}.Debug|Any CPU.Build.0 = Debug|Any CPU
		{2DA50113-1398-4C64-9227-CF89B3E7ECB5}.Release|Any CPU.ActiveCfg = Release|Any CPU
		{2DA50113-1398-4C64-9227-CF89B3E7ECB5}.Release|Any CPU.Build.0 = Release|Any CPU
		{0265F221-395F-4B78-821C-26E20B7BD86E}.Debug|Any CPU.ActiveCfg = Debug|Any CPU
		{0265F221-395F-4B78-821C-26E20B7BD86E}.Debug|Any CPU.Build.0 = Debug|Any CPU
		{0265F221-395F-4B78-821C-26E20B7BD86E}.Release|Any CPU.ActiveCfg = Release|Any CPU
		{0265F221-395F-4B78-821C-26E20B7BD86E}.Release|Any CPU.Build.0 = Release|Any CPU
		{80AA0BF3-DB48-4596-899A-1FBF705004C7}.Debug|Any CPU.ActiveCfg = Debug|Any CPU
		{80AA0BF3-DB48-4596-899A-1FBF705004C7}.Debug|Any CPU.Build.0 = Debug|Any CPU
		{80AA0BF3-DB48-4596-899A-1FBF705004C7}.Release|Any CPU.ActiveCfg = Release|Any CPU
		{80AA0BF3-DB48-4596-899A-1FBF705004C7}.Release|Any CPU.Build.0 = Release|Any CPU
		{5830E9E9-F5F8-45A1-92E3-38081654D8E2}.Debug|Any CPU.ActiveCfg = Debug|Any CPU
		{5830E9E9-F5F8-45A1-92E3-38081654D8E2}.Debug|Any CPU.Build.0 = Debug|Any CPU
		{5830E9E9-F5F8-45A1-92E3-38081654D8E2}.Release|Any CPU.ActiveCfg = Release|Any CPU
		{5830E9E9-F5F8-45A1-92E3-38081654D8E2}.Release|Any CPU.Build.0 = Release|Any CPU
	EndGlobalSection
	GlobalSection(NestedProjects) = preSolution
		{2DA50113-1398-4C64-9227-CF89B3E7ECB5} = {4A346251-DA86-48F5-9587-E1A29317FEA9}
		{0265F221-395F-4B78-821C-26E20B7BD86E} = {8719D80F-51E8-491A-81C5-0B408738F25C}
		{80AA0BF3-DB48-4596-899A-1FBF705004C7} = {8719D80F-51E8-491A-81C5-0B408738F25C}
		{5830E9E9-F5F8-45A1-92E3-38081654D8E2} = {4A346251-DA86-48F5-9587-E1A29317FEA9}
	EndGlobalSection
EndGlobal
